
Microsoft Visual Studio Solution File, Format Version 12.00
# Visual Studio Version 17
VisualStudioVersion = 17.4.33110.190
MinimumVisualStudioVersion = 10.0.40219.1
Project("{FAE04EC0-301F-11D3-BF4B-00C04F79EFBC}") = "appCrudPessoa", "appCrudPessoa\appCrudPessoa.csproj", "{5BABD51E-9B24-4668-84E1-94BFDD9AA742}"
EndProject
Global
	GlobalSection(SolutionConfigurationPlatforms) = preSolution
		Debug|Any CPU = Debug|Any CPU
		Release|Any CPU = Release|Any CPU
	EndGlobalSection
	GlobalSection(ProjectConfigurationPlatforms) = postSolution
		{5BABD51E-9B24-4668-84E1-94BFDD9AA742}.Debug|Any CPU.ActiveCfg = Debug|Any CPU
		{5BABD51E-9B24-4668-84E1-94BFDD9AA742}.Debug|Any CPU.Build.0 = Debug|Any CPU
		{5BABD51E-9B24-4668-84E1-94BFDD9AA742}.Release|Any CPU.ActiveCfg = Release|Any CPU
		{5BABD51E-9B24-4668-84E1-94BFDD9AA742}.Release|Any CPU.Build.0 = Release|Any CPU
	EndGlobalSection
	GlobalSection(SolutionProperties) = preSolution
		HideSolutionNode = FALSE
	EndGlobalSection
	GlobalSection(ExtensibilityGlobals) = postSolution
		SolutionGuid = {345ACE13-AA80-466D-9EBA-9CBC7889B27D}
	EndGlobalSection
EndGlobal
